
Microsoft Visual Studio Solution File, Format Version 12.00
# Visual Studio Version 16
VisualStudioVersion = 16.0.31605.320
MinimumVisualStudioVersion = 10.0.40219.1
Project("{9A19103F-16F7-4668-BE54-9A1E7A4F7556}") = "SevenPlus.ConsoleApp", "SevenPlus.ConsoleApp\SevenPlus.ConsoleApp.csproj", "{681DA661-B5AF-4C59-AE93-53E8A9BBFBEE}"
EndProject
Project("{9A19103F-16F7-4668-BE54-9A1E7A4F7556}") = "SevenPlus.Services", "SevenPlus.Services\SevenPlus.Services.csproj", "{AD0ABBAC-432D-4070-A404-E6A40A22826D}"
EndProject
Project("{FAE04EC0-301F-11D3-BF4B-00C04F79EFBC}") = "SevenPlus.UnitTests", "SevenPlus.UnitTests\SevenPlus.UnitTests.csproj", "{F2E4415B-0CC1-4CD3-B181-938EF33D6C0D}"
EndProject
Global
	GlobalSection(SolutionConfigurationPlatforms) = preSolution
		Debug|Any CPU = Debug|Any CPU
		Release|Any CPU = Release|Any CPU
	EndGlobalSection
	GlobalSection(ProjectConfigurationPlatforms) = postSolution
		{681DA661-B5AF-4C59-AE93-53E8A9BBFBEE}.Debug|Any CPU.ActiveCfg = Debug|Any CPU
		{681DA661-B5AF-4C59-AE93-53E8A9BBFBEE}.Debug|Any CPU.Build.0 = Debug|Any CPU
		{681DA661-B5AF-4C59-AE93-53E8A9BBFBEE}.Release|Any CPU.ActiveCfg = Release|Any CPU
		{681DA661-B5AF-4C59-AE93-53E8A9BBFBEE}.Release|Any CPU.Build.0 = Release|Any CPU
		{AD0ABBAC-432D-4070-A404-E6A40A22826D}.Debug|Any CPU.ActiveCfg = Debug|Any CPU
		{AD0ABBAC-432D-4070-A404-E6A40A22826D}.Debug|Any CPU.Build.0 = Debug|Any CPU
		{AD0ABBAC-432D-4070-A404-E6A40A22826D}.Release|Any CPU.ActiveCfg = Release|Any CPU
		{AD0ABBAC-432D-4070-A404-E6A40A22826D}.Release|Any CPU.Build.0 = Release|Any CPU
		{F2E4415B-0CC1-4CD3-B181-938EF33D6C0D}.Debug|Any CPU.ActiveCfg = Debug|Any CPU
		{F2E4415B-0CC1-4CD3-B181-938EF33D6C0D}.Debug|Any CPU.Build.0 = Debug|Any CPU
		{F2E4415B-0CC1-4CD3-B181-938EF33D6C0D}.Release|Any CPU.ActiveCfg = Release|Any CPU
		{F2E4415B-0CC1-4CD3-B181-938EF33D6C0D}.Release|Any CPU.Build.0 = Release|Any CPU
	EndGlobalSection
	GlobalSection(SolutionProperties) = preSolution
		HideSolutionNode = FALSE
	EndGlobalSection
	GlobalSection(ExtensibilityGlobals) = postSolution
		SolutionGuid = {B9E15967-5F29-4AE3-8958-5FE47A013AB8}
	EndGlobalSection
EndGlobal
